
Microsoft Visual Studio Solution File, Format Version 12.00
# Visual Studio Version 17
VisualStudioVersion = 17.11.35222.181
MinimumVisualStudioVersion = 10.0.40219.1
Project("{FAE04EC0-301F-11D3-BF4B-00C04F79EFBC}") = "CV_Generater", "CV_Generater\CV_Generater.csproj", "{F180D3C6-50E6-483D-B1E2-42C215032C63}"
EndProject
Global
	GlobalSection(SolutionConfigurationPlatforms) = preSolution
		Debug|Any CPU = Debug|Any CPU
		Release|Any CPU = Release|Any CPU
	EndGlobalSection
	GlobalSection(ProjectConfigurationPlatforms) = postSolution
		{F180D3C6-50E6-483D-B1E2-42C215032C63}.Debug|Any CPU.ActiveCfg = Debug|Any CPU
		{F180D3C6-50E6-483D-B1E2-42C215032C63}.Debug|Any CPU.Build.0 = Debug|Any CPU
		{F180D3C6-50E6-483D-B1E2-42C215032C63}.Release|Any CPU.ActiveCfg = Release|Any CPU
		{F180D3C6-50E6-483D-B1E2-42C215032C63}.Release|Any CPU.Build.0 = Release|Any CPU
	EndGlobalSection
	GlobalSection(SolutionProperties) = preSolution
		HideSolutionNode = FALSE
	EndGlobalSection
	GlobalSection(ExtensibilityGlobals) = postSolution
		SolutionGuid = {0BB0595E-2F3E-409F-A789-D3DD3632B40B}
	EndGlobalSection
EndGlobal
